# THIS IS AN AUTOGENERATED FILE. DO NOT EDIT THIS FILE DIRECTLY.
# yarn lockfile v1


"@cspotcode/source-map-support@^0.8.0":
  "integrity" "sha512-IchNf6dN4tHoMFIn/7OE8LWZ19Y6q/67Bmf6vnGREv8RSbBVb9LPJxEcnwrcwX6ixSvaiGoomAUvu4YSxXrVgw=="
  "resolved" "https://registry.npmjs.org/@cspotcode/source-map-support/-/source-map-support-0.8.1.tgz"
  "version" "0.8.1"
  dependencies:
    "@jridgewell/trace-mapping" "0.3.9"

"@ethersproject/abi@^5.7.0", "@ethersproject/abi@5.7.0":
  "integrity" "sha512-351ktp42TiRcYB3H1OP8yajPeAQstMW/yCFokj/AthP9bLHzQFPlOrxOcwYEDkUAICmOHljvN4K39OMTMUa9RA=="
  "resolved" "https://registry.npmjs.org/@ethersproject/abi/-/abi-5.7.0.tgz"
  "version" "5.7.0"
  dependencies:
    "@ethersproject/address" "^5.7.0"
    "@ethersproject/bignumber" "^5.7.0"
    "@ethersproject/bytes" "^5.7.0"
    "@ethersproject/constants" "^5.7.0"
    "@ethersproject/hash" "^5.7.0"
    "@ethersproject/keccak256" "^5.7.0"
    "@ethersproject/logger" "^5.7.0"
    "@ethersproject/properties" "^5.7.0"
    "@ethersproject/strings" "^5.7.0"

"@ethersproject/abstract-provider@^5.7.0", "@ethersproject/abstract-provider@5.7.0":
  "integrity" "sha512-R41c9UkchKCpAqStMYUpdunjo3pkEvZC3FAwZn5S5MGbXoMQOHIdHItezTETxAO5bevtMApSyEhn9+CHcDsWBw=="
  "resolved" "https://registry.npmjs.org/@ethersproject/abstract-provider/-/abstract-provider-5.7.0.tgz"
  "version" "5.7.0"
  dependencies:
    "@ethersproject/bignumber" "^5.7.0"
    "@ethersproject/bytes" "^5.7.0"
    "@ethersproject/logger" "^5.7.0"
    "@ethersproject/networks" "^5.7.0"
    "@ethersproject/properties" "^5.7.0"
    "@ethersproject/transactions" "^5.7.0"
    "@ethersproject/web" "^5.7.0"

"@ethersproject/abstract-signer@^5.7.0", "@ethersproject/abstract-signer@5.7.0":
  "integrity" "sha512-a16V8bq1/Cz+TGCkE2OPMTOUDLS3grCpdjoJCYNnVBbdYEMSgKrU0+B90s8b6H+ByYTBZN7a3g76jdIJi7UfKQ=="
  "resolved" "https://registry.npmjs.org/@ethersproject/abstract-signer/-/abstract-signer-5.7.0.tgz"
  "version" "5.7.0"
  dependencies:
    "@ethersproject/abstract-provider" "^5.7.0"
    "@ethersproject/bignumber" "^5.7.0"
    "@ethersproject/bytes" "^5.7.0"
    "@ethersproject/logger" "^5.7.0"
    "@ethersproject/properties" "^5.7.0"

"@ethersproject/address@^5.7.0", "@ethersproject/address@5.7.0":
  "integrity" "sha512-9wYhYt7aghVGo758POM5nqcOMaE168Q6aRLJZwUmiqSrAungkG74gSSeKEIR7ukixesdRZGPgVqme6vmxs1fkA=="
  "resolved" "https://registry.npmjs.org/@ethersproject/address/-/address-5.7.0.tgz"
  "version" "5.7.0"
  dependencies:
    "@ethersproject/bignumber" "^5.7.0"
    "@ethersproject/bytes" "^5.7.0"
    "@ethersproject/keccak256" "^5.7.0"
    "@ethersproject/logger" "^5.7.0"
    "@ethersproject/rlp" "^5.7.0"

"@ethersproject/base64@^5.7.0", "@ethersproject/base64@5.7.0":
  "integrity" "sha512-Dr8tcHt2mEbsZr/mwTPIQAf3Ai0Bks/7gTw9dSqk1mQvhW3XvRlmDJr/4n+wg1JmCl16NZue17CDh8xb/vZ0sQ=="
  "resolved" "https://registry.npmjs.org/@ethersproject/base64/-/base64-5.7.0.tgz"
  "version" "5.7.0"
  dependencies:
    "@ethersproject/bytes" "^5.7.0"

"@ethersproject/basex@^5.7.0", "@ethersproject/basex@5.7.0":
  "integrity" "sha512-ywlh43GwZLv2Voc2gQVTKBoVQ1mti3d8HK5aMxsfu/nRDnMmNqaSJ3r3n85HBByT8OpoY96SXM1FogC533T4zw=="
  "resolved" "https://registry.npmjs.org/@ethersproject/basex/-/basex-5.7.0.tgz"
  "version" "5.7.0"
  dependencies:
    "@ethersproject/bytes" "^5.7.0"
    "@ethersproject/properties" "^5.7.0"

"@ethersproject/bignumber@^5.7.0", "@ethersproject/bignumber@5.7.0":
  "integrity" "sha512-n1CAdIHRWjSucQO3MC1zPSVgV/6dy/fjL9pMrPP9peL+QxEg9wOsVqwD4+818B6LUEtaXzVHQiuivzRoxPxUGw=="
  "resolved" "https://registry.npmjs.org/@ethersproject/bignumber/-/bignumber-5.7.0.tgz"
  "version" "5.7.0"
  dependencies:
    "@ethersproject/bytes" "^5.7.0"
    "@ethersproject/logger" "^5.7.0"
    "bn.js" "^5.2.1"

"@ethersproject/bytes@^5.7.0", "@ethersproject/bytes@5.7.0":
  "integrity" "sha512-nsbxwgFXWh9NyYWo+U8atvmMsSdKJprTcICAkvbBffT75qDocbuggBU0SJiVK2MuTrp0q+xvLkTnGMPK1+uA9A=="
  "resolved" "https://registry.npmjs.org/@ethersproject/bytes/-/bytes-5.7.0.tgz"
  "version" "5.7.0"
  dependencies:
    "@ethersproject/logger" "^5.7.0"

"@ethersproject/constants@^5.7.0", "@ethersproject/constants@5.7.0":
  "integrity" "sha512-DHI+y5dBNvkpYUMiRQyxRBYBefZkJfo70VUkUAsRjcPs47muV9evftfZ0PJVCXYbAiCgght0DtcF9srFQmIgWA=="
  "resolved" "https://registry.npmjs.org/@ethersproject/constants/-/constants-5.7.0.tgz"
  "version" "5.7.0"
  dependencies:
    "@ethersproject/bignumber" "^5.7.0"

"@ethersproject/contracts@5.7.0":
  "integrity" "sha512-5GJbzEU3X+d33CdfPhcyS+z8MzsTrBGk/sc+G+59+tPa9yFkl6HQ9D6L0QMgNTA9q8dT0XKxxkyp883XsQvbbg=="
  "resolved" "https://registry.npmjs.org/@ethersproject/contracts/-/contracts-5.7.0.tgz"
  "version" "5.7.0"
  dependencies:
    "@ethersproject/abi" "^5.7.0"
    "@ethersproject/abstract-provider" "^5.7.0"
    "@ethersproject/abstract-signer" "^5.7.0"
    "@ethersproject/address" "^5.7.0"
    "@ethersproject/bignumber" "^5.7.0"
    "@ethersproject/bytes" "^5.7.0"
    "@ethersproject/constants" "^5.7.0"
    "@ethersproject/logger" "^5.7.0"
    "@ethersproject/properties" "^5.7.0"
    "@ethersproject/transactions" "^5.7.0"

"@ethersproject/hash@^5.7.0", "@ethersproject/hash@5.7.0":
  "integrity" "sha512-qX5WrQfnah1EFnO5zJv1v46a8HW0+E5xuBBDTwMFZLuVTx0tbU2kkx15NqdjxecrLGatQN9FGQKpb1FKdHCt+g=="
  "resolved" "https://registry.npmjs.org/@ethersproject/hash/-/hash-5.7.0.tgz"
  "version" "5.7.0"
  dependencies:
    "@ethersproject/abstract-signer" "^5.7.0"
    "@ethersproject/address" "^5.7.0"
    "@ethersproject/base64" "^5.7.0"
    "@ethersproject/bignumber" "^5.7.0"
    "@ethersproject/bytes" "^5.7.0"
    "@ethersproject/keccak256" "^5.7.0"
    "@ethersproject/logger" "^5.7.0"
    "@ethersproject/properties" "^5.7.0"
    "@ethersproject/strings" "^5.7.0"

"@ethersproject/hdnode@^5.7.0", "@ethersproject/hdnode@5.7.0":
  "integrity" "sha512-OmyYo9EENBPPf4ERhR7oj6uAtUAhYGqOnIS+jE5pTXvdKBS99ikzq1E7Iv0ZQZ5V36Lqx1qZLeak0Ra16qpeOg=="
  "resolved" "https://registry.npmjs.org/@ethersproject/hdnode/-/hdnode-5.7.0.tgz"
  "version" "5.7.0"
  dependencies:
    "@ethersproject/abstract-signer" "^5.7.0"
    "@ethersproject/basex" "^5.7.0"
    "@ethersproject/bignumber" "^5.7.0"
    "@ethersproject/bytes" "^5.7.0"
    "@ethersproject/logger" "^5.7.0"
    "@ethersproject/pbkdf2" "^5.7.0"
    "@ethersproject/properties" "^5.7.0"
    "@ethersproject/sha2" "^5.7.0"
    "@ethersproject/signing-key" "^5.7.0"
    "@ethersproject/strings" "^5.7.0"
    "@ethersproject/transactions" "^5.7.0"
    "@ethersproject/wordlists" "^5.7.0"

"@ethersproject/json-wallets@^5.7.0", "@ethersproject/json-wallets@5.7.0":
  "integrity" "sha512-8oee5Xgu6+RKgJTkvEMl2wDgSPSAQ9MB/3JYjFV9jlKvcYHUXZC+cQp0njgmxdHkYWn8s6/IqIZYm0YWCjO/0g=="
  "resolved" "https://registry.npmjs.org/@ethersproject/json-wallets/-/json-wallets-5.7.0.tgz"
  "version" "5.7.0"
  dependencies:
    "@ethersproject/abstract-signer" "^5.7.0"
    "@ethersproject/address" "^5.7.0"
    "@ethersproject/bytes" "^5.7.0"
    "@ethersproject/hdnode" "^5.7.0"
    "@ethersproject/keccak256" "^5.7.0"
    "@ethersproject/logger" "^5.7.0"
    "@ethersproject/pbkdf2" "^5.7.0"
    "@ethersproject/properties" "^5.7.0"
    "@ethersproject/random" "^5.7.0"
    "@ethersproject/strings" "^5.7.0"
    "@ethersproject/transactions" "^5.7.0"
    "aes-js" "3.0.0"
    "scrypt-js" "3.0.1"

"@ethersproject/keccak256@^5.7.0", "@ethersproject/keccak256@5.7.0":
  "integrity" "sha512-2UcPboeL/iW+pSg6vZ6ydF8tCnv3Iu/8tUmLLzWWGzxWKFFqOBQFLo6uLUv6BDrLgCDfN28RJ/wtByx+jZ4KBg=="
  "resolved" "https://registry.npmjs.org/@ethersproject/keccak256/-/keccak256-5.7.0.tgz"
  "version" "5.7.0"
  dependencies:
    "@ethersproject/bytes" "^5.7.0"
    "js-sha3" "0.8.0"

"@ethersproject/logger@^5.7.0", "@ethersproject/logger@5.7.0":
  "integrity" "sha512-0odtFdXu/XHtjQXJYA3u9G0G8btm0ND5Cu8M7i5vhEcE8/HmF4Lbdqanwyv4uQTr2tx6b7fQRmgLrsnpQlmnig=="
  "resolved" "https://registry.npmjs.org/@ethersproject/logger/-/logger-5.7.0.tgz"
  "version" "5.7.0"

"@ethersproject/networks@^5.7.0", "@ethersproject/networks@5.7.0":
  "integrity" "sha512-MG6oHSQHd4ebvJrleEQQ4HhVu8Ichr0RDYEfHzsVAVjHNM+w36x9wp9r+hf1JstMXtseXDtkiVoARAG6M959AA=="
  "resolved" "https://registry.npmjs.org/@ethersproject/networks/-/networks-5.7.0.tgz"
  "version" "5.7.0"
  dependencies:
    "@ethersproject/logger" "^5.7.0"

"@ethersproject/pbkdf2@^5.7.0", "@ethersproject/pbkdf2@5.7.0":
  "integrity" "sha512-oR/dBRZR6GTyaofd86DehG72hY6NpAjhabkhxgr3X2FpJtJuodEl2auADWBZfhDHgVCbu3/H/Ocq2uC6dpNjjw=="
  "resolved" "https://registry.npmjs.org/@ethersproject/pbkdf2/-/pbkdf2-5.7.0.tgz"
  "version" "5.7.0"
  dependencies:
    "@ethersproject/bytes" "^5.7.0"
    "@ethersproject/sha2" "^5.7.0"

"@ethersproject/properties@^5.7.0", "@ethersproject/properties@5.7.0":
  "integrity" "sha512-J87jy8suntrAkIZtecpxEPxY//szqr1mlBaYlQ0r4RCaiD2hjheqF9s1LVE8vVuJCXisjIP+JgtK/Do54ej4Sw=="
  "resolved" "https://registry.npmjs.org/@ethersproject/properties/-/properties-5.7.0.tgz"
  "version" "5.7.0"
  dependencies:
    "@ethersproject/logger" "^5.7.0"

"@ethersproject/providers@5.7.0":
  "integrity" "sha512-+TTrrINMzZ0aXtlwO/95uhAggKm4USLm1PbeCBR/3XZ7+Oey+3pMyddzZEyRhizHpy1HXV0FRWRMI1O3EGYibA=="
  "resolved" "https://registry.npmjs.org/@ethersproject/providers/-/providers-5.7.0.tgz"
  "version" "5.7.0"
  dependencies:
    "@ethersproject/abstract-provider" "^5.7.0"
    "@ethersproject/abstract-signer" "^5.7.0"
    "@ethersproject/address" "^5.7.0"
    "@ethersproject/base64" "^5.7.0"
    "@ethersproject/basex" "^5.7.0"
    "@ethersproject/bignumber" "^5.7.0"
    "@ethersproject/bytes" "^5.7.0"
    "@ethersproject/constants" "^5.7.0"
    "@ethersproject/hash" "^5.7.0"
    "@ethersproject/logger" "^5.7.0"
    "@ethersproject/networks" "^5.7.0"
    "@ethersproject/properties" "^5.7.0"
    "@ethersproject/random" "^5.7.0"
    "@ethersproject/rlp" "^5.7.0"
    "@ethersproject/sha2" "^5.7.0"
    "@ethersproject/strings" "^5.7.0"
    "@ethersproject/transactions" "^5.7.0"
    "@ethersproject/web" "^5.7.0"
    "bech32" "1.1.4"
    "ws" "7.4.6"

"@ethersproject/random@^5.7.0", "@ethersproject/random@5.7.0":
  "integrity" "sha512-19WjScqRA8IIeWclFme75VMXSBvi4e6InrUNuaR4s5pTF2qNhcGdCUwdxUVGtDDqC00sDLCO93jPQoDUH4HVmQ=="
  "resolved" "https://registry.npmjs.org/@ethersproject/random/-/random-5.7.0.tgz"
  "version" "5.7.0"
  dependencies:
    "@ethersproject/bytes" "^5.7.0"
    "@ethersproject/logger" "^5.7.0"

"@ethersproject/rlp@^5.7.0", "@ethersproject/rlp@5.7.0":
  "integrity" "sha512-rBxzX2vK8mVF7b0Tol44t5Tb8gomOHkj5guL+HhzQ1yBh/ydjGnpw6at+X6Iw0Kp3OzzzkcKp8N9r0W4kYSs9w=="
  "resolved" "https://registry.npmjs.org/@ethersproject/rlp/-/rlp-5.7.0.tgz"
  "version" "5.7.0"
  dependencies:
    "@ethersproject/bytes" "^5.7.0"
    "@ethersproject/logger" "^5.7.0"

"@ethersproject/sha2@^5.7.0", "@ethersproject/sha2@5.7.0":
  "integrity" "sha512-gKlH42riwb3KYp0reLsFTokByAKoJdgFCwI+CCiX/k+Jm2mbNs6oOaCjYQSlI1+XBVejwH2KrmCbMAT/GnRDQw=="
  "resolved" "https://registry.npmjs.org/@ethersproject/sha2/-/sha2-5.7.0.tgz"
  "version" "5.7.0"
  dependencies:
    "@ethersproject/bytes" "^5.7.0"
    "@ethersproject/logger" "^5.7.0"
    "hash.js" "1.1.7"

"@ethersproject/signing-key@^5.7.0", "@ethersproject/signing-key@5.7.0":
  "integrity" "sha512-MZdy2nL3wO0u7gkB4nA/pEf8lu1TlFswPNmy8AiYkfKTdO6eXBJyUdmHO/ehm/htHw9K/qF8ujnTyUAD+Ry54Q=="
  "resolved" "https://registry.npmjs.org/@ethersproject/signing-key/-/signing-key-5.7.0.tgz"
  "version" "5.7.0"
  dependencies:
    "@ethersproject/bytes" "^5.7.0"
    "@ethersproject/logger" "^5.7.0"
    "@ethersproject/properties" "^5.7.0"
    "bn.js" "^5.2.1"
    "elliptic" "6.5.4"
    "hash.js" "1.1.7"

"@ethersproject/solidity@5.7.0":
  "integrity" "sha512-HmabMd2Dt/raavyaGukF4XxizWKhKQ24DoLtdNbBmNKUOPqwjsKQSdV9GQtj9CBEea9DlzETlVER1gYeXXBGaA=="
  "resolved" "https://registry.npmjs.org/@ethersproject/solidity/-/solidity-5.7.0.tgz"
  "version" "5.7.0"
  dependencies:
    "@ethersproject/bignumber" "^5.7.0"
    "@ethersproject/bytes" "^5.7.0"
    "@ethersproject/keccak256" "^5.7.0"
    "@ethersproject/logger" "^5.7.0"
    "@ethersproject/sha2" "^5.7.0"
    "@ethersproject/strings" "^5.7.0"

"@ethersproject/strings@^5.7.0", "@ethersproject/strings@5.7.0":
  "integrity" "sha512-/9nu+lj0YswRNSH0NXYqrh8775XNyEdUQAuf3f+SmOrnVewcJ5SBNAjF7lpgehKi4abvNNXyf+HX86czCdJ8Mg=="
  "resolved" "https://registry.npmjs.org/@ethersproject/strings/-/strings-5.7.0.tgz"
  "version" "5.7.0"
  dependencies:
    "@ethersproject/bytes" "^5.7.0"
    "@ethersproject/constants" "^5.7.0"
    "@ethersproject/logger" "^5.7.0"

"@ethersproject/transactions@^5.7.0", "@ethersproject/transactions@5.7.0":
  "integrity" "sha512-kmcNicCp1lp8qanMTC3RIikGgoJ80ztTyvtsFvCYpSCfkjhD0jZ2LOrnbcuxuToLIUYYf+4XwD1rP+B/erDIhQ=="
  "resolved" "https://registry.npmjs.org/@ethersproject/transactions/-/transactions-5.7.0.tgz"
  "version" "5.7.0"
  dependencies:
    "@ethersproject/address" "^5.7.0"
    "@ethersproject/bignumber" "^5.7.0"
    "@ethersproject/bytes" "^5.7.0"
    "@ethersproject/constants" "^5.7.0"
    "@ethersproject/keccak256" "^5.7.0"
    "@ethersproject/logger" "^5.7.0"
    "@ethersproject/properties" "^5.7.0"
    "@ethersproject/rlp" "^5.7.0"
    "@ethersproject/signing-key" "^5.7.0"

"@ethersproject/units@5.7.0":
  "integrity" "sha512-pD3xLMy3SJu9kG5xDGI7+xhTEmGXlEqXU4OfNapmfnxLVY4EMSSRp7j1k7eezutBPH7RBN/7QPnwR7hzNlEFeg=="
  "resolved" "https://registry.npmjs.org/@ethersproject/units/-/units-5.7.0.tgz"
  "version" "5.7.0"
  dependencies:
    "@ethersproject/bignumber" "^5.7.0"
    "@ethersproject/constants" "^5.7.0"
    "@ethersproject/logger" "^5.7.0"

"@ethersproject/wallet@5.7.0":
  "integrity" "sha512-MhmXlJXEJFBFVKrDLB4ZdDzxcBxQ3rLyCkhNqVu3CDYvR97E+8r01UgrI+TI99Le+aYm/in/0vp86guJuM7FCA=="
  "resolved" "https://registry.npmjs.org/@ethersproject/wallet/-/wallet-5.7.0.tgz"
  "version" "5.7.0"
  dependencies:
    "@ethersproject/abstract-provider" "^5.7.0"
    "@ethersproject/abstract-signer" "^5.7.0"
    "@ethersproject/address" "^5.7.0"
    "@ethersproject/bignumber" "^5.7.0"
    "@ethersproject/bytes" "^5.7.0"
    "@ethersproject/hash" "^5.7.0"
    "@ethersproject/hdnode" "^5.7.0"
    "@ethersproject/json-wallets" "^5.7.0"
    "@ethersproject/keccak256" "^5.7.0"
    "@ethersproject/logger" "^5.7.0"
    "@ethersproject/properties" "^5.7.0"
    "@ethersproject/random" "^5.7.0"
    "@ethersproject/signing-key" "^5.7.0"
    "@ethersproject/transactions" "^5.7.0"
    "@ethersproject/wordlists" "^5.7.0"

"@ethersproject/web@^5.7.0", "@ethersproject/web@5.7.0":
  "integrity" "sha512-ApHcbbj+muRASVDSCl/tgxaH2LBkRMEYfLOLVa0COipx0+nlu0QKet7U2lEg0vdkh8XRSLf2nd1f1Uk9SrVSGA=="
  "resolved" "https://registry.npmjs.org/@ethersproject/web/-/web-5.7.0.tgz"
  "version" "5.7.0"
  dependencies:
    "@ethersproject/base64" "^5.7.0"
    "@ethersproject/bytes" "^5.7.0"
    "@ethersproject/logger" "^5.7.0"
    "@ethersproject/properties" "^5.7.0"
    "@ethersproject/strings" "^5.7.0"

"@ethersproject/wordlists@^5.7.0", "@ethersproject/wordlists@5.7.0":
  "integrity" "sha512-S2TFNJNfHWVHNE6cNDjbVlZ6MgE17MIxMbMg2zv3wn+3XSJGosL1m9ZVv3GXCf/2ymSsQ+hRI5IzoMJTG6aoVA=="
  "resolved" "https://registry.npmjs.org/@ethersproject/wordlists/-/wordlists-5.7.0.tgz"
  "version" "5.7.0"
  dependencies:
    "@ethersproject/bytes" "^5.7.0"
    "@ethersproject/hash" "^5.7.0"
    "@ethersproject/logger" "^5.7.0"
    "@ethersproject/properties" "^5.7.0"
    "@ethersproject/strings" "^5.7.0"

"@jridgewell/resolve-uri@^3.0.3":
  "integrity" "sha512-F2msla3tad+Mfht5cJq7LSXcdudKTWCVYUgw6pLFOOHSTtZlj6SWNYAp+AhuqLmWdBO2X5hPrLcu8cVP8fy28w=="
  "resolved" "https://registry.npmjs.org/@jridgewell/resolve-uri/-/resolve-uri-3.1.0.tgz"
  "version" "3.1.0"

"@jridgewell/sourcemap-codec@^1.4.10":
  "integrity" "sha512-XPSJHWmi394fuUuzDnGz1wiKqWfo1yXecHQMRf2l6hztTO+nPru658AyDngaBe7isIxEkRsPR3FZh+s7iVa4Uw=="
  "resolved" "https://registry.npmjs.org/@jridgewell/sourcemap-codec/-/sourcemap-codec-1.4.14.tgz"
  "version" "1.4.14"

"@jridgewell/trace-mapping@0.3.9":
  "integrity" "sha512-3Belt6tdc8bPgAtbcmdtNJlirVoTmEb5e2gC94PnkwEW9jI6CAHUeoG85tjWP5WquqfavoMtMwiG4P926ZKKuQ=="
  "resolved" "https://registry.npmjs.org/@jridgewell/trace-mapping/-/trace-mapping-0.3.9.tgz"
  "version" "0.3.9"
  dependencies:
    "@jridgewell/resolve-uri" "^3.0.3"
    "@jridgewell/sourcemap-codec" "^1.4.10"

"@solidity-parser/parser@^0.14.3":
  "integrity" "sha512-29g2SZ29HtsqA58pLCtopI1P/cPy5/UAzlcAXO6T/CNJimG6yA8kx4NaseMyJULiC+TEs02Y9/yeHzClqoA0hw=="
  "resolved" "https://registry.npmjs.org/@solidity-parser/parser/-/parser-0.14.3.tgz"
  "version" "0.14.3"
  dependencies:
    "antlr4ts" "^0.5.0-alpha.4"

"@tsconfig/node10@^1.0.7":
  "integrity" "sha512-jNsYVVxU8v5g43Erja32laIDHXeoNvFEpX33OK4d6hljo3jDhCBDhx5dhCCTMWUojscpAagGiRkBKxpdl9fxqA=="
  "resolved" "https://registry.npmjs.org/@tsconfig/node10/-/node10-1.0.9.tgz"
  "version" "1.0.9"

"@tsconfig/node12@^1.0.7":
  "integrity" "sha512-cqefuRsh12pWyGsIoBKJA9luFu3mRxCA+ORZvA4ktLSzIuCUtWVxGIuXigEwO5/ywWFMZ2QEGKWvkZG1zDMTag=="
  "resolved" "https://registry.npmjs.org/@tsconfig/node12/-/node12-1.0.11.tgz"
  "version" "1.0.11"

"@tsconfig/node14@^1.0.0":
  "integrity" "sha512-ysT8mhdixWK6Hw3i1V2AeRqZ5WfXg1G43mqoYlM2nc6388Fq5jcXyr5mRsqViLx/GJYdoL0bfXD8nmF+Zn/Iow=="
  "resolved" "https://registry.npmjs.org/@tsconfig/node14/-/node14-1.0.3.tgz"
  "version" "1.0.3"

"@tsconfig/node16@^1.0.2":
  "integrity" "sha512-yOlFc+7UtL/89t2ZhjPvvB/DeAr3r+Dq58IgzsFkOAvVC6NMJXmCGjbptdXdR9qsX7pKcTL+s87FtYREi2dEEQ=="
  "resolved" "https://registry.npmjs.org/@tsconfig/node16/-/node16-1.0.3.tgz"
  "version" "1.0.3"

"@types/fs-extra@^9.0.13":
  "integrity" "sha512-nEnwB++1u5lVDM2UI4c1+5R+FYaKfaAzS4OococimjVm3nQw3TuzH5UNsocrcTBbhnerblyHj4A49qXbIiZdpA=="
  "resolved" "https://registry.npmjs.org/@types/fs-extra/-/fs-extra-9.0.13.tgz"
  "version" "9.0.13"
  dependencies:
    "@types/node" "*"

"@types/node@*":
  "integrity" "sha512-XnjpaI8Bgc3eBag2Aw4t2Uj/49lLBSStHWfqKvIuXD7FIrZyMLWp8KuAFHAqxMZYTF9l08N1ctUn9YNybZJVmQ=="
  "resolved" "https://registry.npmjs.org/@types/node/-/node-18.7.15.tgz"
  "version" "18.7.15"

"@types/strip-bom@^3.0.0":
  "integrity" "sha512-xevGOReSYGM7g/kUBZzPqCrR/KYAo+F0yiPc85WFTJa0MSLtyFTVTU6cJu/aV4mid7IffDIWqo69THF2o4JiEQ=="
  "resolved" "https://registry.npmjs.org/@types/strip-bom/-/strip-bom-3.0.0.tgz"
  "version" "3.0.0"

"@types/strip-json-comments@0.0.30":
  "integrity" "sha512-7NQmHra/JILCd1QqpSzl8+mJRc8ZHz3uDm8YV1Ks9IhK0epEiTw8aIErbvH9PI+6XbqhyIQy3462nEsn7UVzjQ=="
  "resolved" "https://registry.npmjs.org/@types/strip-json-comments/-/strip-json-comments-0.0.30.tgz"
  "version" "0.0.30"

"acorn-walk@^8.1.1":
  "integrity" "sha512-k+iyHEuPgSw6SbuDpGQM+06HQUa04DZ3o+F6CSzXMvvI5KMvnaEqXe+YVe555R9nn6GPt404fos4wcgpw12SDA=="
  "resolved" "https://registry.npmjs.org/acorn-walk/-/acorn-walk-8.2.0.tgz"
  "version" "8.2.0"

"acorn@^8.4.1":
  "integrity" "sha512-QOxyigPVrpZ2GXT+PFyZTl6TtOFc5egxHIP9IlQ+RbupQuX4RkT/Bee4/kQuC02Xkzg84JcT7oLYtDIQxp+v7w=="
  "resolved" "https://registry.npmjs.org/acorn/-/acorn-8.8.0.tgz"
  "version" "8.8.0"

"aes-js@3.0.0":
  "integrity" "sha512-H7wUZRn8WpTq9jocdxQ2c8x2sKo9ZVmzfRE13GiNJXfp7NcKYEdvl3vspKjXox6RIG2VtaRe4JFvxG4rqp2Zuw=="
  "resolved" "https://registry.npmjs.org/aes-js/-/aes-js-3.0.0.tgz"
  "version" "3.0.0"

"ansi-regex@^5.0.1":
  "integrity" "sha512-quJQXlTSUGL2LH9SUXo8VwsY4soanhgo6LNSm84E1LBcE8s3O0wpdiRzyR9z/ZZJMlMWv37qOOb9pdJlMUEKFQ=="
  "resolved" "https://registry.npmjs.org/ansi-regex/-/ansi-regex-5.0.1.tgz"
  "version" "5.0.1"

"antlr4ts@^0.5.0-alpha.4":
  "integrity" "sha512-WPQDt1B74OfPv/IMS2ekXAKkTZIHl88uMetg6q3OTqgFxZ/dxDXI0EWLyZid/1Pe6hTftyg5N7gel5wNAGxXyQ=="
  "resolved" "https://registry.npmjs.org/antlr4ts/-/antlr4ts-0.5.0-alpha.4.tgz"
  "version" "0.5.0-alpha.4"

"anymatch@~3.1.2":
  "integrity" "sha512-P43ePfOAIupkguHUycrc4qJ9kz8ZiuOUijaETwX7THt0Y/GNK7v0aa8rY816xWjZ7rJdA5XdMcpVFTKMq+RvWg=="
  "resolved" "https://registry.npmjs.org/anymatch/-/anymatch-3.1.2.tgz"
  "version" "3.1.2"
  dependencies:
    "normalize-path" "^3.0.0"
    "picomatch" "^2.0.4"

"arg@^4.1.0":
  "integrity" "sha512-58S9QDqG0Xx27YwPSt9fJxivjYl432YCwfDMfZ+71RAqUrZef7LrKQZ3LHLOwCS4FLNBplP533Zx895SeOCHvA=="
  "resolved" "https://registry.npmjs.org/arg/-/arg-4.1.3.tgz"
  "version" "4.1.3"

"balanced-match@^1.0.0":
  "integrity" "sha512-3oSeUO0TMV67hN1AmbXsK4yaqU7tjiHlbxRDZOpH0KW9+CeX4bRAaX0Anxt0tx2MrpRpWwQaPwIlISEJhYU5Pw=="
  "resolved" "https://registry.npmjs.org/balanced-match/-/balanced-match-1.0.2.tgz"
  "version" "1.0.2"

"bech32@1.1.4":
  "integrity" "sha512-s0IrSOzLlbvX7yp4WBfPITzpAU8sqQcpsmwXDiKwrG4r491vwCO/XpejasRNl0piBMe/DvP4Tz0mIS/X1DPJBQ=="
  "resolved" "https://registry.npmjs.org/bech32/-/bech32-1.1.4.tgz"
  "version" "1.1.4"

"binary-extensions@^2.0.0":
  "integrity" "sha512-jDctJ/IVQbZoJykoeHbhXpOlNBqGNcwXJKJog42E5HDPUwQTSdjCHdihjj0DlnheQ7blbT6dHOafNAiS8ooQKA=="
  "resolved" "https://registry.npmjs.org/binary-extensions/-/binary-extensions-2.2.0.tgz"
  "version" "2.2.0"

"bn.js@^4.11.9":
  "integrity" "sha512-c98Bf3tPniI+scsdk237ku1Dc3ujXQTSgyiPUDEOe7tRkhrqridvh8klBv0HCEso1OLOYcHuCv/cS6DNxKH+ZA=="
  "resolved" "https://registry.npmjs.org/bn.js/-/bn.js-4.12.0.tgz"
  "version" "4.12.0"

"bn.js@^5.2.1":
  "integrity" "sha512-eXRvHzWyYPBuB4NBy0cmYQjGitUrtqwbvlzP3G6VFnNRbsZQIxQ10PbKKHt8gZ/HW/D/747aDl+QkDqg3KQLMQ=="
  "resolved" "https://registry.npmjs.org/bn.js/-/bn.js-5.2.1.tgz"
  "version" "5.2.1"

"brace-expansion@^1.1.7":
  "integrity" "sha512-iCuPHDFgrHX7H2vEI/5xpz07zSHB00TpugqhmYtVmMO6518mCuRMoOYFldEBl0g187ufozdaHgWKcYFb61qGiA=="
  "resolved" "https://registry.npmjs.org/brace-expansion/-/brace-expansion-1.1.11.tgz"
  "version" "1.1.11"
  dependencies:
    "balanced-match" "^1.0.0"
    "concat-map" "0.0.1"

"braces@~3.0.2":
  "integrity" "sha512-b8um+L1RzM3WDSzvhm6gIz1yfTbBt6YTlcEKAvsmqCZZFw46z626lVj9j1yEPW33H5H+lBQpZMP1k8l+78Ha0A=="
  "resolved" "https://registry.npmjs.org/braces/-/braces-3.0.2.tgz"
  "version" "3.0.2"
  dependencies:
    "fill-range" "^7.0.1"

"brorand@^1.1.0":
  "integrity" "sha512-cKV8tMCEpQs4hK/ik71d6LrPOnpkpGBR0wzxqr68g2m/LB2GxVYQroAjMJZRVM1Y4BCjCKc3vAamxSzOY2RP+w=="
  "resolved" "https://registry.npmjs.org/brorand/-/brorand-1.1.0.tgz"
  "version" "1.1.0"

"buffer-from@^1.0.0":
  "integrity" "sha512-E+XQCRwSbaaiChtv6k6Dwgc+bx+Bs6vuKJHHl5kox/BaKbhiXzqQOwK4cO22yElGp2OCmjwVhT3HmxgyPGnJfQ=="
  "resolved" "https://registry.npmjs.org/buffer-from/-/buffer-from-1.1.2.tgz"
  "version" "1.1.2"

"chokidar@^3.5.1":
  "integrity" "sha512-Dr3sfKRP6oTcjf2JmUmFJfeVMvXBdegxB0iVQ5eb2V10uFJUCAS8OByZdVAyVb8xXNz3GjjTgj9kLWsZTqE6kw=="
  "resolved" "https://registry.npmjs.org/chokidar/-/chokidar-3.5.3.tgz"
  "version" "3.5.3"
  dependencies:
    "anymatch" "~3.1.2"
    "braces" "~3.0.2"
    "glob-parent" "~5.1.2"
    "is-binary-path" "~2.1.0"
    "is-glob" "~4.0.1"
    "normalize-path" "~3.0.0"
    "readdirp" "~3.6.0"
  optionalDependencies:
    "fsevents" "~2.3.2"

"command-exists@^1.2.8":
  "integrity" "sha512-LTQ/SGc+s0Xc0Fu5WaKnR0YiygZkm9eKFvyS+fRsU7/ZWFF8ykFM6Pc9aCVf1+xasOOZpO3BAVgVrKvsqKHV7w=="
  "resolved" "https://registry.npmjs.org/command-exists/-/command-exists-1.2.9.tgz"
  "version" "1.2.9"

"commander@3.0.2":
  "integrity" "sha512-Gar0ASD4BDyKC4hl4DwHqDrmvjoxWKZigVnAbn5H1owvm4CxCPdb0HQDehwNYMJpla5+M2tPmPARzhtYuwpHow=="
  "resolved" "https://registry.npmjs.org/commander/-/commander-3.0.2.tgz"
  "version" "3.0.2"

"concat-map@0.0.1":
  "integrity" "sha512-/Srv4dswyQNBfohGpz9o6Yb3Gz3SrUDqBH5rTuhGR7ahtlbYKnVxw2bCFMRljaA7EXHaXZ8wsHdodFvbkhKmqg=="
  "resolved" "https://registry.npmjs.org/concat-map/-/concat-map-0.0.1.tgz"
  "version" "0.0.1"

"create-require@^1.1.0":
  "integrity" "sha512-dcKFX3jn0MpIaXjisoRvexIJVEKzaq7z2rZKxf+MSr9TkdmHmsU4m2lcLojrj/FHl8mk5VxMmYA+ftRkP/3oKQ=="
  "resolved" "https://registry.npmjs.org/create-require/-/create-require-1.1.1.tgz"
  "version" "1.1.1"

"diff@^4.0.1":
  "integrity" "sha512-58lmxKSA4BNyLz+HHMUzlOEpg09FV+ev6ZMe3vJihgdxzgcwZ8VoEEPmALCZG9LmqfVoNMMKpttIYTVG6uDY7A=="
  "resolved" "https://registry.npmjs.org/diff/-/diff-4.0.2.tgz"
  "version" "4.0.2"

"dotenv@^16.0.2":
  "integrity" "sha512-JvpYKUmzQhYoIFgK2MOnF3bciIZoItIIoryihy0rIA+H4Jy0FmgyKYAHCTN98P5ybGSJcIFbh6QKeJdtZd1qhA=="
  "resolved" "https://registry.npmjs.org/dotenv/-/dotenv-16.0.2.tgz"
  "version" "16.0.2"

"dynamic-dedupe@^0.3.0":
  "integrity" "sha512-ssuANeD+z97meYOqd50e04Ze5qp4bPqo8cCkI4TRjZkzAUgIDTrXV1R8QCdINpiI+hw14+rYazvTRdQrz0/rFQ=="
  "resolved" "https://registry.npmjs.org/dynamic-dedupe/-/dynamic-dedupe-0.3.0.tgz"
  "version" "0.3.0"
  dependencies:
    "xtend" "^4.0.0"

"elliptic@6.5.4":
  "integrity" "sha512-iLhC6ULemrljPZb+QutR5TQGB+pdW6KGD5RSegS+8sorOZT+rdQFbsQFJgvN3eRqNALqJer4oQ16YvJHlU8hzQ=="
  "resolved" "https://registry.npmjs.org/elliptic/-/elliptic-6.5.4.tgz"
  "version" "6.5.4"
  dependencies:
    "bn.js" "^4.11.9"
    "brorand" "^1.1.0"
    "hash.js" "^1.0.0"
    "hmac-drbg" "^1.0.1"
    "inherits" "^2.0.4"
    "minimalistic-assert" "^1.0.1"
    "minimalistic-crypto-utils" "^1.0.1"

"emoji-regex@^10.1.0":
  "integrity" "sha512-xAEnNCT3w2Tg6MA7ly6QqYJvEoY1tm9iIjJ3yMKK9JPlWuRHAMoe5iETwQnx3M9TVbFMfsrBgWKR+IsmswwNjg=="
  "resolved" "https://registry.npmjs.org/emoji-regex/-/emoji-regex-10.1.0.tgz"
  "version" "10.1.0"

"emoji-regex@^8.0.0":
  "integrity" "sha512-MSjYzcWNOA0ewAHpz0MxpYFvwg6yjy1NG3xteoqz644VCo/RPgnr1/GGt+ic3iJTzQ8Eu3TdM14SawnVUmGE6A=="
  "resolved" "https://registry.npmjs.org/emoji-regex/-/emoji-regex-8.0.0.tgz"
  "version" "8.0.0"

"escape-string-regexp@^4.0.0":
  "integrity" "sha512-TtpcNJ3XAzx3Gq8sWRzJaVajRs0uVxA2YAkdb1jm2YkPz4G6egUFAyA3n5vtEIZefPk5Wa4UXbKuS5fKkJWdgA=="
  "resolved" "https://registry.npmjs.org/escape-string-regexp/-/escape-string-regexp-4.0.0.tgz"
  "version" "4.0.0"

"ethers@^5.7.0":
  "integrity" "sha512-5Xhzp2ZQRi0Em+0OkOcRHxPzCfoBfgtOQA+RUylSkuHbhTEaQklnYi2hsWbRgs3ztJsXVXd9VKBcO1ScWL8YfA=="
  "resolved" "https://registry.npmjs.org/ethers/-/ethers-5.7.0.tgz"
  "version" "5.7.0"
  dependencies:
    "@ethersproject/abi" "5.7.0"
    "@ethersproject/abstract-provider" "5.7.0"
    "@ethersproject/abstract-signer" "5.7.0"
    "@ethersproject/address" "5.7.0"
    "@ethersproject/base64" "5.7.0"
    "@ethersproject/basex" "5.7.0"
    "@ethersproject/bignumber" "5.7.0"
    "@ethersproject/bytes" "5.7.0"
    "@ethersproject/constants" "5.7.0"
    "@ethersproject/contracts" "5.7.0"
    "@ethersproject/hash" "5.7.0"
    "@ethersproject/hdnode" "5.7.0"
    "@ethersproject/json-wallets" "5.7.0"
    "@ethersproject/keccak256" "5.7.0"
    "@ethersproject/logger" "5.7.0"
    "@ethersproject/networks" "5.7.0"
    "@ethersproject/pbkdf2" "5.7.0"
    "@ethersproject/properties" "5.7.0"
    "@ethersproject/providers" "5.7.0"
    "@ethersproject/random" "5.7.0"
    "@ethersproject/rlp" "5.7.0"
    "@ethersproject/sha2" "5.7.0"
    "@ethersproject/signing-key" "5.7.0"
    "@ethersproject/solidity" "5.7.0"
    "@ethersproject/strings" "5.7.0"
    "@ethersproject/transactions" "5.7.0"
    "@ethersproject/units" "5.7.0"
    "@ethersproject/wallet" "5.7.0"
    "@ethersproject/web" "5.7.0"
    "@ethersproject/wordlists" "5.7.0"

"fill-range@^7.0.1":
  "integrity" "sha512-qOo9F+dMUmC2Lcb4BbVvnKJxTPjCm+RRpe4gDuGrzkL7mEVl/djYSu2OdQ2Pa302N4oqkSg9ir6jaLWJ2USVpQ=="
  "resolved" "https://registry.npmjs.org/fill-range/-/fill-range-7.0.1.tgz"
  "version" "7.0.1"
  dependencies:
    "to-regex-range" "^5.0.1"

"follow-redirects@^1.12.1":
  "integrity" "sha512-yLAMQs+k0b2m7cVxpS1VKJVvoz7SS9Td1zss3XRwXj+ZDH00RJgnuLx7E44wx02kQLrdM3aOOy+FpzS7+8OizA=="
  "resolved" "https://registry.npmjs.org/follow-redirects/-/follow-redirects-1.15.1.tgz"
  "version" "1.15.1"

"fs-extra@^0.30.0":
  "integrity" "sha512-UvSPKyhMn6LEd/WpUaV9C9t3zATuqoqfWc3QdPhPLb58prN9tqYPlPWi8Krxi44loBoUzlobqZ3+8tGpxxSzwA=="
  "resolved" "https://registry.npmjs.org/fs-extra/-/fs-extra-0.30.0.tgz"
  "version" "0.30.0"
  dependencies:
    "graceful-fs" "^4.1.2"
    "jsonfile" "^2.1.0"
    "klaw" "^1.0.0"
    "path-is-absolute" "^1.0.0"
    "rimraf" "^2.2.8"

"fs-extra@^10.1.0":
  "integrity" "sha512-oRXApq54ETRj4eMiFzGnHWGy+zo5raudjuxN0b8H7s/RU2oW0Wvsx9O0ACRN/kRq9E8Vu/ReskGB5o3ji+FzHQ=="
  "resolved" "https://registry.npmjs.org/fs-extra/-/fs-extra-10.1.0.tgz"
  "version" "10.1.0"
  dependencies:
    "graceful-fs" "^4.2.0"
    "jsonfile" "^6.0.1"
    "universalify" "^2.0.0"

"fs.realpath@^1.0.0":
  "integrity" "sha512-OO0pH2lK6a0hZnAdau5ItzHPI6pUlvI7jMVnxUQRtw4owF2wk8lOSabtGDCTP4Ggrg2MbGnWO9X8K1t4+fGMDw=="
  "resolved" "https://registry.npmjs.org/fs.realpath/-/fs.realpath-1.0.0.tgz"
  "version" "1.0.0"

"fsevents@~2.3.2":
  "integrity" "sha512-xiqMQR4xAeHTuB9uWm+fFRcIOgKBMiOBP+eXiyT7jsgVCq1bkVygt00oASowB7EdtpOHaaPgKt812P9ab+DDKA=="
  "resolved" "https://registry.npmjs.org/fsevents/-/fsevents-2.3.2.tgz"
  "version" "2.3.2"

"function-bind@^1.1.1":
  "integrity" "sha512-yIovAzMX49sF8Yl58fSCWJ5svSLuaibPxXQJFLmBObTuCr0Mf1KiPopGM9NiFjiYBCbfaa2Fh6breQ6ANVTI0A=="
  "resolved" "https://registry.npmjs.org/function-bind/-/function-bind-1.1.1.tgz"
  "version" "1.1.1"

"glob-parent@~5.1.2":
  "integrity" "sha512-AOIgSQCepiJYwP3ARnGx+5VnTu2HBYdzbGP45eLw1vr3zB3vZLeyed1sC9hnbcOc9/SrMyM5RPQrkGz4aS9Zow=="
  "resolved" "https://registry.npmjs.org/glob-parent/-/glob-parent-5.1.2.tgz"
  "version" "5.1.2"
  dependencies:
    "is-glob" "^4.0.1"

"glob@^7.1.3":
  "integrity" "sha512-nFR0zLpU2YCaRxwoCJvL6UvCH2JFyFVIvwTLsIf21AuHlMskA1hhTdk+LlYJtOlYt9v6dvszD2BGRqBL+iQK9Q=="
  "resolved" "https://registry.npmjs.org/glob/-/glob-7.2.3.tgz"
  "version" "7.2.3"
  dependencies:
    "fs.realpath" "^1.0.0"
    "inflight" "^1.0.4"
    "inherits" "2"
    "minimatch" "^3.1.1"
    "once" "^1.3.0"
    "path-is-absolute" "^1.0.0"

"graceful-fs@^4.1.2", "graceful-fs@^4.1.6", "graceful-fs@^4.1.9", "graceful-fs@^4.2.0":
  "integrity" "sha512-9ByhssR2fPVsNZj478qUUbKfmL0+t5BDVyjShtyZZLiK7ZDAArFFfopyOTj0M05wE2tJPisA4iTnnXl2YoPvOA=="
  "resolved" "https://registry.npmjs.org/graceful-fs/-/graceful-fs-4.2.10.tgz"
  "version" "4.2.10"

"has@^1.0.3":
  "integrity" "sha512-f2dvO0VU6Oej7RkWJGrehjbzMAjFp5/VKPp5tTpWIV4JHHZK1/BxbFRtf/siA2SWTe09caDmVtYYzWEIbBS4zw=="
  "resolved" "https://registry.npmjs.org/has/-/has-1.0.3.tgz"
  "version" "1.0.3"
  dependencies:
    "function-bind" "^1.1.1"

"hash.js@^1.0.0", "hash.js@^1.0.3", "hash.js@1.1.7":
  "integrity" "sha512-taOaskGt4z4SOANNseOviYDvjEJinIkRgmp7LbKP2YTTmVxWBl87s/uzK9r+44BclBSp2X7K1hqeNfz9JbBeXA=="
  "resolved" "https://registry.npmjs.org/hash.js/-/hash.js-1.1.7.tgz"
  "version" "1.1.7"
  dependencies:
    "inherits" "^2.0.3"
    "minimalistic-assert" "^1.0.1"

"hmac-drbg@^1.0.1":
  "integrity" "sha512-Tti3gMqLdZfhOQY1Mzf/AanLiqh1WTiJgEj26ZuYQ9fbkLomzGchCws4FyrSd4VkpBfiNhaE1On+lOz894jvXg=="
  "resolved" "https://registry.npmjs.org/hmac-drbg/-/hmac-drbg-1.0.1.tgz"
  "version" "1.0.1"
  dependencies:
    "hash.js" "^1.0.3"
    "minimalistic-assert" "^1.0.0"
    "minimalistic-crypto-utils" "^1.0.1"

"inflight@^1.0.4":
  "integrity" "sha512-k92I/b08q4wvFscXCLvqfsHCrjrF7yiXsQuIVvVE7N82W3+aqpzuUdBbfhWcy/FZR3/4IgflMgKLOsvPDrGCJA=="
  "resolved" "https://registry.npmjs.org/inflight/-/inflight-1.0.6.tgz"
  "version" "1.0.6"
  dependencies:
    "once" "^1.3.0"
    "wrappy" "1"

"inherits@^2.0.3", "inherits@^2.0.4", "inherits@2":
  "integrity" "sha512-k/vGaX4/Yla3WzyMCvTQOXYeIHvqOKtnqBduzTHpzpQZzAskKMhZ2K+EnBiSM9zGSoIFeMpXKxa4dYeZIQqewQ=="
  "resolved" "https://registry.npmjs.org/inherits/-/inherits-2.0.4.tgz"
  "version" "2.0.4"

"is-binary-path@~2.1.0":
  "integrity" "sha512-ZMERYes6pDydyuGidse7OsHxtbI7WVeUEozgR/g7rd0xUimYNlvZRE/K2MgZTjWy725IfelLeVcEM97mmtRGXw=="
  "resolved" "https://registry.npmjs.org/is-binary-path/-/is-binary-path-2.1.0.tgz"
  "version" "2.1.0"
  dependencies:
    "binary-extensions" "^2.0.0"

"is-core-module@^2.9.0":
  "integrity" "sha512-Erxj2n/LDAZ7H8WNJXd9tw38GYM3dv8rk8Zcs+jJuxYTW7sozH+SS8NtrSjVL1/vpLvWi1hxy96IzjJ3EHTJJg=="
  "resolved" "https://registry.npmjs.org/is-core-module/-/is-core-module-2.10.0.tgz"
  "version" "2.10.0"
  dependencies:
    "has" "^1.0.3"

"is-extglob@^2.1.1":
  "integrity" "sha512-SbKbANkN603Vi4jEZv49LeVJMn4yGwsbzZworEoyEiutsN3nJYdbO36zfhGJ6QEDpOZIFkDtnq5JRxmvl3jsoQ=="
  "resolved" "https://registry.npmjs.org/is-extglob/-/is-extglob-2.1.1.tgz"
  "version" "2.1.1"

"is-fullwidth-code-point@^3.0.0":
  "integrity" "sha512-zymm5+u+sCsSWyD9qNaejV3DFvhCKclKdizYaJUuHA83RLjb7nSuGnddCHGv0hk+KY7BMAlsWeK4Ueg6EV6XQg=="
  "resolved" "https://registry.npmjs.org/is-fullwidth-code-point/-/is-fullwidth-code-point-3.0.0.tgz"
  "version" "3.0.0"

"is-glob@^4.0.1", "is-glob@~4.0.1":
  "integrity" "sha512-xelSayHH36ZgE7ZWhli7pW34hNbNl8Ojv5KVmkJD4hBdD3th8Tfk9vYasLM+mXWOZhFkgZfxhLSnrwRr4elSSg=="
  "resolved" "https://registry.npmjs.org/is-glob/-/is-glob-4.0.3.tgz"
  "version" "4.0.3"
  dependencies:
    "is-extglob" "^2.1.1"

"is-number@^7.0.0":
  "integrity" "sha512-41Cifkg6e8TylSpdtTpeLVMqvSBEVzTttHvERD741+pnZ8ANv0004MRL43QKPDlK9cGvNp6NZWZUBlbGXYxxng=="
  "resolved" "https://registry.npmjs.org/is-number/-/is-number-7.0.0.tgz"
  "version" "7.0.0"

"js-sha3@0.8.0":
  "integrity" "sha512-gF1cRrHhIzNfToc802P800N8PpXS+evLLXfsVpowqmAFR9uwbi89WvXg2QspOmXL8QL86J4T1EpFu+yUkwJY3Q=="
  "resolved" "https://registry.npmjs.org/js-sha3/-/js-sha3-0.8.0.tgz"
  "version" "0.8.0"

"jsonfile@^2.1.0":
  "integrity" "sha512-PKllAqbgLgxHaj8TElYymKCAgrASebJrWpTnEkOaTowt23VKXXN0sUeriJ+eh7y6ufb/CC5ap11pz71/cM0hUw=="
  "resolved" "https://registry.npmjs.org/jsonfile/-/jsonfile-2.4.0.tgz"
  "version" "2.4.0"
  optionalDependencies:
    "graceful-fs" "^4.1.6"

"jsonfile@^6.0.1":
  "integrity" "sha512-5dgndWOriYSm5cnYaJNhalLNDKOqFwyDB/rr1E9ZsGciGvKPs8R2xYGCacuf3z6K1YKDz182fd+fY3cn3pMqXQ=="
  "resolved" "https://registry.npmjs.org/jsonfile/-/jsonfile-6.1.0.tgz"
  "version" "6.1.0"
  dependencies:
    "universalify" "^2.0.0"
  optionalDependencies:
    "graceful-fs" "^4.1.6"

"klaw@^1.0.0":
  "integrity" "sha512-TED5xi9gGQjGpNnvRWknrwAB1eL5GciPfVFOt3Vk1OJCVDQbzuSfrF3hkUQKlsgKrG1F+0t5W0m+Fje1jIt8rw=="
  "resolved" "https://registry.npmjs.org/klaw/-/klaw-1.3.1.tgz"
  "version" "1.3.1"
  optionalDependencies:
    "graceful-fs" "^4.1.9"

"lru-cache@^6.0.0":
  "integrity" "sha512-Jo6dJ04CmSjuznwJSS3pUeWmd/H0ffTlkXXgwZi+eq1UCmqQwCh+eLsYOYCwY991i2Fah4h1BEMCx4qThGbsiA=="
  "resolved" "https://registry.npmjs.org/lru-cache/-/lru-cache-6.0.0.tgz"
  "version" "6.0.0"
  dependencies:
    "yallist" "^4.0.0"

"make-error@^1.1.1":
  "integrity" "sha512-s8UhlNe7vPKomQhC1qFelMokr/Sc3AgNbso3n74mVPA5LTZwkB9NlXf4XPamLxJE8h0gh73rM94xvwRT2CVInw=="
  "resolved" "https://registry.npmjs.org/make-error/-/make-error-1.3.6.tgz"
  "version" "1.3.6"

"memorystream@^0.3.1":
  "integrity" "sha512-S3UwM3yj5mtUSEfP41UZmt/0SCoVYUcU1rkXv+BQ5Ig8ndL4sPoJNBUJERafdPb5jjHJGuMgytgKvKIf58XNBw=="
  "resolved" "https://registry.npmjs.org/memorystream/-/memorystream-0.3.1.tgz"
  "version" "0.3.1"

"minimalistic-assert@^1.0.0", "minimalistic-assert@^1.0.1":
  "integrity" "sha512-UtJcAD4yEaGtjPezWuO9wC4nwUnVH/8/Im3yEHQP4b67cXlD/Qr9hdITCU1xDbSEXg2XKNaP8jsReV7vQd00/A=="
  "resolved" "https://registry.npmjs.org/minimalistic-assert/-/minimalistic-assert-1.0.1.tgz"
  "version" "1.0.1"

"minimalistic-crypto-utils@^1.0.1":
  "integrity" "sha512-JIYlbt6g8i5jKfJ3xz7rF0LXmv2TkDxBLUkiBeZ7bAx4GnnNMr8xFpGnOxn6GhTEHx3SjRrZEoU+j04prX1ktg=="
  "resolved" "https://registry.npmjs.org/minimalistic-crypto-utils/-/minimalistic-crypto-utils-1.0.1.tgz"
  "version" "1.0.1"

"minimatch@^3.1.1":
  "integrity" "sha512-J7p63hRiAjw1NDEww1W7i37+ByIrOWO5XQQAzZ3VOcL0PNybwpfmV/N05zFAzwQ9USyEcX6t3UO+K5aqBQOIHw=="
  "resolved" "https://registry.npmjs.org/minimatch/-/minimatch-3.1.2.tgz"
  "version" "3.1.2"
  dependencies:
    "brace-expansion" "^1.1.7"

"minimist@^1.2.6":
  "integrity" "sha512-Jsjnk4bw3YJqYzbdyBiNsPWHPfO++UGG749Cxs6peCu5Xg4nrena6OVxOYxrQTqww0Jmwt+Ref8rggumkTLz9Q=="
  "resolved" "https://registry.npmjs.org/minimist/-/minimist-1.2.6.tgz"
  "version" "1.2.6"

"mkdirp@^1.0.4":
  "integrity" "sha512-vVqVZQyf3WLx2Shd0qJ9xuvqgAyKPLAiqITEtqW0oIUjzo3PePDd6fW9iFz30ef7Ysp/oiWqbhszeGWW2T6Gzw=="
  "resolved" "https://registry.npmjs.org/mkdirp/-/mkdirp-1.0.4.tgz"
  "version" "1.0.4"

"normalize-path@^3.0.0", "normalize-path@~3.0.0":
  "integrity" "sha512-6eZs5Ls3WtCisHWp9S2GUy8dqkpGi4BVSz3GaqiE6ezub0512ESztXUwUB6C6IKbQkY2Pnb/mD4WYojCRwcwLA=="
  "resolved" "https://registry.npmjs.org/normalize-path/-/normalize-path-3.0.0.tgz"
  "version" "3.0.0"

"once@^1.3.0":
  "integrity" "sha512-lNaJgI+2Q5URQBkccEKHTQOPaXdUxnZZElQTZY0MFUAuaEqe1E+Nyvgdz/aIyNi6Z9MzO5dv1H8n58/GELp3+w=="
  "resolved" "https://registry.npmjs.org/once/-/once-1.4.0.tgz"
  "version" "1.4.0"
  dependencies:
    "wrappy" "1"

"os-tmpdir@~1.0.2":
  "integrity" "sha512-D2FR03Vir7FIu45XBY20mTb+/ZSWB00sjU9jdQXt83gDrI4Ztz5Fs7/yy74g2N5SVQY4xY1qDr4rNddwYRVX0g=="
  "resolved" "https://registry.npmjs.org/os-tmpdir/-/os-tmpdir-1.0.2.tgz"
  "version" "1.0.2"

"path-is-absolute@^1.0.0":
  "integrity" "sha512-AVbw3UJ2e9bq64vSaS9Am0fje1Pa8pbGqTTsmXfaIiMpnr5DlDhfJOuLj9Sf95ZPVDAUerDfEk88MPmPe7UCQg=="
  "resolved" "https://registry.npmjs.org/path-is-absolute/-/path-is-absolute-1.0.1.tgz"
  "version" "1.0.1"

"path-parse@^1.0.7":
  "integrity" "sha512-LDJzPVEEEPR+y48z93A0Ed0yXb8pAByGWo/k5YYdYgpY2/2EsOsksJrq7lOHxryrVOn1ejG6oAp8ahvOIQD8sw=="
  "resolved" "https://registry.npmjs.org/path-parse/-/path-parse-1.0.7.tgz"
  "version" "1.0.7"

"picomatch@^2.0.4", "picomatch@^2.2.1":
  "integrity" "sha512-JU3teHTNjmE2VCGFzuY8EXzCDVwEqB2a8fsIvwaStHhAWJEeVd1o1QD80CU6+ZdEXXSLbSsuLwJjkCBWqRQUVA=="
  "resolved" "https://registry.npmjs.org/picomatch/-/picomatch-2.3.1.tgz"
  "version" "2.3.1"

"prettier-plugin-solidity@^1.0.0-beta.24":
  "integrity" "sha512-6JlV5BBTWzmDSq4kZ9PTXc3eLOX7DF5HpbqmmaF+kloyUwOZbJ12hIYsUaZh2fVgZdV2t0vWcvY6qhILhlzgqg=="
  "resolved" "https://registry.npmjs.org/prettier-plugin-solidity/-/prettier-plugin-solidity-1.0.0-beta.24.tgz"
  "version" "1.0.0-beta.24"
  dependencies:
    "@solidity-parser/parser" "^0.14.3"
    "emoji-regex" "^10.1.0"
    "escape-string-regexp" "^4.0.0"
    "semver" "^7.3.7"
    "solidity-comments-extractor" "^0.0.7"
    "string-width" "^4.2.3"

"prettier@^2.3.0", "prettier@^2.7.1":
  "integrity" "sha512-ujppO+MkdPqoVINuDFDRLClm7D78qbDt0/NR+wp5FqEZOoTNAjPHWj17QRhu7geIHJfcNhRk1XVQmF8Bp3ye+g=="
  "resolved" "https://registry.npmjs.org/prettier/-/prettier-2.7.1.tgz"
  "version" "2.7.1"

"readdirp@~3.6.0":
  "integrity" "sha512-hOS089on8RduqdbhvQ5Z37A0ESjsqz6qnRcffsMU3495FuTdqSm+7bhJ29JvIOsBDEEnan5DPu9t3To9VRlMzA=="
  "resolved" "https://registry.npmjs.org/readdirp/-/readdirp-3.6.0.tgz"
  "version" "3.6.0"
  dependencies:
    "picomatch" "^2.2.1"

"require-from-string@^2.0.0":
  "integrity" "sha512-Xf0nWe6RseziFMu+Ap9biiUbmplq6S9/p+7w7YXP/JBHhrUDDUhwa+vANyubuqfZWTveU//DYVGsDG7RKL/vEw=="
  "resolved" "https://registry.npmjs.org/require-from-string/-/require-from-string-2.0.2.tgz"
  "version" "2.0.2"

"resolve@^1.0.0":
  "integrity" "sha512-nBpuuYuY5jFsli/JIs1oldw6fOQCBioohqWZg/2hiaOybXOft4lonv85uDOKXdf8rhyK159cxU5cDcK/NKk8zw=="
  "resolved" "https://registry.npmjs.org/resolve/-/resolve-1.22.1.tgz"
  "version" "1.22.1"
  dependencies:
    "is-core-module" "^2.9.0"
    "path-parse" "^1.0.7"
    "supports-preserve-symlinks-flag" "^1.0.0"

"rimraf@^2.2.8", "rimraf@^2.6.1":
  "integrity" "sha512-uWjbaKIK3T1OSVptzX7Nl6PvQ3qAGtKEtVRjRuazjfL3Bx5eI409VZSqgND+4UNnmzLVdPj9FqFJNPqBZFve4w=="
  "resolved" "https://registry.npmjs.org/rimraf/-/rimraf-2.7.1.tgz"
  "version" "2.7.1"
  dependencies:
    "glob" "^7.1.3"

"scrypt-js@3.0.1":
  "integrity" "sha512-cdwTTnqPu0Hyvf5in5asVdZocVDTNRmR7XEcJuIzMjJeSHybHl7vpB66AzwTaIg6CLSbtjcxc8fqcySfnTkccA=="
  "resolved" "https://registry.npmjs.org/scrypt-js/-/scrypt-js-3.0.1.tgz"
  "version" "3.0.1"

"semver@^5.5.0":
  "integrity" "sha512-sauaDf/PZdVgrLTNYHRtpXa1iRiKcaebiKQ1BJdpQlWH2lCvexQdX55snPFyK7QzpudqbCI0qXFfOasHdyNDGQ=="
  "resolved" "https://registry.npmjs.org/semver/-/semver-5.7.1.tgz"
  "version" "5.7.1"

"semver@^7.3.7":
  "integrity" "sha512-QlYTucUYOews+WeEujDoEGziz4K6c47V/Bd+LjSSYcA94p+DmINdf7ncaUinThfvZyu13lN9OY1XDxt8C0Tw0g=="
  "resolved" "https://registry.npmjs.org/semver/-/semver-7.3.7.tgz"
  "version" "7.3.7"
  dependencies:
    "lru-cache" "^6.0.0"

"solc@0.8.7-fixed":
  "integrity" "sha512-nWZRkdPwfBpimAelO30Bz7/hxoj+mylb30gEpBL8hhEWR4xqu2ezQAxWK1Hz5xx1NqesbgGjSgnGul49tRHWgQ=="
  "resolved" "https://registry.npmjs.org/solc/-/solc-0.8.7-fixed.tgz"
  "version" "0.8.7-fixed"
  dependencies:
    "command-exists" "^1.2.8"
    "commander" "3.0.2"
    "follow-redirects" "^1.12.1"
    "fs-extra" "^0.30.0"
    "js-sha3" "0.8.0"
    "memorystream" "^0.3.1"
    "require-from-string" "^2.0.0"
    "semver" "^5.5.0"
    "tmp" "0.0.33"

"solidity-comments-extractor@^0.0.7":
  "integrity" "sha512-wciNMLg/Irp8OKGrh3S2tfvZiZ0NEyILfcRCXCD4mp7SgK/i9gzLfhY2hY7VMCQJ3kH9UB9BzNdibIVMchzyYw=="
  "resolved" "https://registry.npmjs.org/solidity-comments-extractor/-/solidity-comments-extractor-0.0.7.tgz"
  "version" "0.0.7"

"source-map-support@^0.5.12":
  "integrity" "sha512-uBHU3L3czsIyYXKX88fdrGovxdSCoTGDRZ6SYXtSRxLZUzHg5P/66Ht6uoUlHu9EZod+inXhKo3qQgwXUT/y1w=="
  "resolved" "https://registry.npmjs.org/source-map-support/-/source-map-support-0.5.21.tgz"
  "version" "0.5.21"
  dependencies:
    "buffer-from" "^1.0.0"
    "source-map" "^0.6.0"

"source-map@^0.6.0":
  "integrity" "sha512-UjgapumWlbMhkBgzT7Ykc5YXUT46F0iKu8SGXq0bcwP5dz/h0Plj6enJqjz1Zbq2l5WaqYnrVbwWOWMyF3F47g=="
  "resolved" "https://registry.npmjs.org/source-map/-/source-map-0.6.1.tgz"
  "version" "0.6.1"

"string-width@^4.2.3":
  "integrity" "sha512-wKyQRQpjJ0sIp62ErSZdGsjMJWsap5oRNihHhu6G7JVO/9jIB6UyevL+tXuOqrng8j/cxKTWyWUwvSTriiZz/g=="
  "resolved" "https://registry.npmjs.org/string-width/-/string-width-4.2.3.tgz"
  "version" "4.2.3"
  dependencies:
    "emoji-regex" "^8.0.0"
    "is-fullwidth-code-point" "^3.0.0"
    "strip-ansi" "^6.0.1"

"strip-ansi@^6.0.1":
  "integrity" "sha512-Y38VPSHcqkFrCpFnQ9vuSXmquuv5oXOKpGeT6aGrr3o3Gc9AlVa6JBfUSOCnbxGGZF+/0ooI7KrPuUSztUdU5A=="
  "resolved" "https://registry.npmjs.org/strip-ansi/-/strip-ansi-6.0.1.tgz"
  "version" "6.0.1"
  dependencies:
    "ansi-regex" "^5.0.1"

"strip-bom@^3.0.0":
  "integrity" "sha512-vavAMRXOgBVNF6nyEEmL3DBK19iRpDcoIwW+swQ+CbGiu7lju6t+JklA1MHweoWtadgt4ISVUsXLyDq34ddcwA=="
  "resolved" "https://registry.npmjs.org/strip-bom/-/strip-bom-3.0.0.tgz"
  "version" "3.0.0"

"strip-json-comments@^2.0.0":
  "integrity" "sha512-4gB8na07fecVVkOI6Rs4e7T6NOTki5EmL7TUduTs6bu3EdnSycntVJ4re8kgZA+wx9IueI2Y11bfbgwtzuE0KQ=="
  "resolved" "https://registry.npmjs.org/strip-json-comments/-/strip-json-comments-2.0.1.tgz"
  "version" "2.0.1"

"supports-preserve-symlinks-flag@^1.0.0":
  "integrity" "sha512-ot0WnXS9fgdkgIcePe6RHNk1WA8+muPa6cSjeR3V8K27q9BB1rTE3R1p7Hv0z1ZyAc8s6Vvv8DIyWf681MAt0w=="
  "resolved" "https://registry.npmjs.org/supports-preserve-symlinks-flag/-/supports-preserve-symlinks-flag-1.0.0.tgz"
  "version" "1.0.0"

"tmp@0.0.33":
  "integrity" "sha512-jRCJlojKnZ3addtTOjdIqoRuPEKBvNXcGYqzO6zWZX8KfKEpnGY5jfggJQ3EjKuu8D4bJRr0y+cYJFmYbImXGw=="
  "resolved" "https://registry.npmjs.org/tmp/-/tmp-0.0.33.tgz"
  "version" "0.0.33"
  dependencies:
    "os-tmpdir" "~1.0.2"

"to-regex-range@^5.0.1":
  "integrity" "sha512-65P7iz6X5yEr1cwcgvQxbbIw7Uk3gOy5dIdtZ4rDveLqhrdJP+Li/Hx6tyK0NEb+2GCyneCMJiGqrADCSNk8sQ=="
  "resolved" "https://registry.npmjs.org/to-regex-range/-/to-regex-range-5.0.1.tgz"
  "version" "5.0.1"
  dependencies:
    "is-number" "^7.0.0"

"tree-kill@^1.2.2":
  "integrity" "sha512-L0Orpi8qGpRG//Nd+H90vFB+3iHnue1zSSGmNOOCh1GLJ7rUKVwV2HvijphGQS2UmhUZewS9VgvxYIdgr+fG1A=="
  "resolved" "https://registry.npmjs.org/tree-kill/-/tree-kill-1.2.2.tgz"
  "version" "1.2.2"

"ts-node-dev@^2.0.0":
  "integrity" "sha512-ywMrhCfH6M75yftYvrvNarLEY+SUXtUvU8/0Z6llrHQVBx12GiFk5sStF8UdfE/yfzk9IAq7O5EEbTQsxlBI8w=="
  "resolved" "https://registry.npmjs.org/ts-node-dev/-/ts-node-dev-2.0.0.tgz"
  "version" "2.0.0"
  dependencies:
    "chokidar" "^3.5.1"
    "dynamic-dedupe" "^0.3.0"
    "minimist" "^1.2.6"
    "mkdirp" "^1.0.4"
    "resolve" "^1.0.0"
    "rimraf" "^2.6.1"
    "source-map-support" "^0.5.12"
    "tree-kill" "^1.2.2"
    "ts-node" "^10.4.0"
    "tsconfig" "^7.0.0"

"ts-node@^10.4.0", "ts-node@^10.9.1":
  "integrity" "sha512-NtVysVPkxxrwFGUUxGYhfux8k78pQB3JqYBXlLRZgdGUqTO5wU/UyHop5p70iEbGhB7q5KmiZiU0Y3KlJrScEw=="
  "resolved" "https://registry.npmjs.org/ts-node/-/ts-node-10.9.1.tgz"
  "version" "10.9.1"
  dependencies:
    "@cspotcode/source-map-support" "^0.8.0"
    "@tsconfig/node10" "^1.0.7"
    "@tsconfig/node12" "^1.0.7"
    "@tsconfig/node14" "^1.0.0"
    "@tsconfig/node16" "^1.0.2"
    "acorn" "^8.4.1"
    "acorn-walk" "^8.1.1"
    "arg" "^4.1.0"
    "create-require" "^1.1.0"
    "diff" "^4.0.1"
    "make-error" "^1.1.1"
    "v8-compile-cache-lib" "^3.0.1"
    "yn" "3.1.1"

"tsconfig@^7.0.0":
  "integrity" "sha512-vZXmzPrL+EmC4T/4rVlT2jNVMWCi/O4DIiSj3UHg1OE5kCKbk4mfrXc6dZksLgRM/TZlKnousKH9bbTazUWRRw=="
  "resolved" "https://registry.npmjs.org/tsconfig/-/tsconfig-7.0.0.tgz"
  "version" "7.0.0"
  dependencies:
    "@types/strip-bom" "^3.0.0"
    "@types/strip-json-comments" "0.0.30"
    "strip-bom" "^3.0.0"
    "strip-json-comments" "^2.0.0"

"typescript@*", "typescript@^4.8.2", "typescript@>=2.7":
  "integrity" "sha512-C0I1UsrrDHo2fYI5oaCGbSejwX4ch+9Y5jTQELvovfmFkK3HHSZJB8MSJcWLmCUBzQBchCrZ9rMRV6GuNrvGtw=="
  "resolved" "https://registry.npmjs.org/typescript/-/typescript-4.8.2.tgz"
  "version" "4.8.2"

"universalify@^2.0.0":
  "integrity" "sha512-hAZsKq7Yy11Zu1DE0OzWjw7nnLZmJZYTDZZyEFHZdUhV8FkH5MCfoU1XMaxXovpyW5nq5scPqq0ZDP9Zyl04oQ=="
  "resolved" "https://registry.npmjs.org/universalify/-/universalify-2.0.0.tgz"
  "version" "2.0.0"

"v8-compile-cache-lib@^3.0.1":
  "integrity" "sha512-wa7YjyUGfNZngI/vtK0UHAN+lgDCxBPCylVXGp0zu59Fz5aiGtNXaq3DhIov063MorB+VfufLh3JlF2KdTK3xg=="
  "resolved" "https://registry.npmjs.org/v8-compile-cache-lib/-/v8-compile-cache-lib-3.0.1.tgz"
  "version" "3.0.1"

"wrappy@1":
  "integrity" "sha512-l4Sp/DRseor9wL6EvV2+TuQn63dMkPjZ/sp9XkghTEbV9KlPS1xUsZ3u7/IQO4wxtcFB4bgpQPRcR3QCvezPcQ=="
  "resolved" "https://registry.npmjs.org/wrappy/-/wrappy-1.0.2.tgz"
  "version" "1.0.2"

"ws@7.4.6":
  "integrity" "sha512-YmhHDO4MzaDLB+M9ym/mDA5z0naX8j7SIlT8f8z+I0VtzsRbekxEutHSme7NPS2qE8StCYQNUnfWdXta/Yu85A=="
  "resolved" "https://registry.npmjs.org/ws/-/ws-7.4.6.tgz"
  "version" "7.4.6"

"xtend@^4.0.0":
  "integrity" "sha512-LKYU1iAXJXUgAXn9URjiu+MWhyUXHsvfp7mcuYm9dSUKK0/CjtrUwFAxD82/mCWbtLsGjFIad0wIsod4zrTAEQ=="
  "resolved" "https://registry.npmjs.org/xtend/-/xtend-4.0.2.tgz"
  "version" "4.0.2"

"yallist@^4.0.0":
  "integrity" "sha512-3wdGidZyq5PB084XLES5TpOSRA3wjXAlIWMhum2kRcv/41Sn2emQ0dycQW4uZXLejwKvg6EsvbdlVL+FYEct7A=="
  "resolved" "https://registry.npmjs.org/yallist/-/yallist-4.0.0.tgz"
  "version" "4.0.0"

"yn@3.1.1":
  "integrity" "sha512-Ux4ygGWsu2c7isFWe8Yu1YluJmqVhxqK2cLXNQA5AcC3QfbGNpM7fu0Y8b/z16pXLnFxZYvWhd3fhBY9DLmC6Q=="
  "resolved" "https://registry.npmjs.org/yn/-/yn-3.1.1.tgz"
  "version" "3.1.1"
